github.com/gonutz/bmp v1.0.0 h1:9MHsXFhgegPcoh4aamCoCW0k0udUNdOIvBxGfq63ckU=
github.com/gonutz/bmp v1.0.0/go.mod h1:pVkuHkmUTvdICrHKLPoN8gQPraZxN9VfHqqvVVLP+aE=
github.com/gonutz/check v1.2.0 h1:PVjoa4xwUU0XAH4/6mdg4kJ9BCCTIiwmBxImLJxCkp8=
github.com/gonutz/check v1.2.0/go.mod h1:J5ndBcNQd4fv3I+Moevk4PXZoyXRamwwclm6dDgAuyA=
